<?xml version="1.0" encoding="utf-8"?>
<Project ToolsVersion="4.0" xmlns="http://schemas.microsoft.com/developer/msbuild/2003">
  <ItemGroup>
    <Filter Include="Resource Files">
      <UniqueIdentifier>{67DA6AB6-F800-4c08-8B7A-83BB121AAD01}</UniqueIdentifier>
      <Extensions>rc;ico;cur;bmp;dlg;rc2;rct;bin;rgs;gif;jpg;jpeg;jpe;resx;tiff;tif;png;wav;mfcribbon-ms</Extensions>
    </Filter>
    <Filter Include="Source Files">
      <UniqueIdentifier>{4FC737F1-C7A5-4376-A066-2A32D752A2FF}</UniqueIdentifier>
      <Extensions>cpp;c;cc;cxx;c++;cppm;ixx;def;odl;idl;hpj;bat;asm;asmx</Extensions>
    </Filter>
    <Filter Include="Header Files">
      <UniqueIdentifier>{93995380-89BD-4b04-88EB-625FBE52EBFB}</UniqueIdentifier>
      <Extensions>h;hh;hpp;hxx;h++;hm;inl;inc;ipp;xsd</Extensions>
    </Filter>
  </ItemGroup>
  <ItemGroup>
    <ClCompile Include="main.cpp">
      <Filter>Source Files</Filter>
    </ClCompile>
    <ClCompile Include="object_type.cpp">
      <Filter>Source Files</Filter>
    </ClCompile>
    <ClCompile Include="func.cpp">
      <Filter>Source Files</Filter>
    </ClCompile>
    <ClCompile Include="main_window.cpp">
      <Filter>Source Files</Filter>
    </ClCompile>
    <ClCompile Include="background.cpp">
      <Filter>Source Files</Filter>
    </ClCompile>
    <ClCompile Include="loop.cpp">
      <Filter>Source Files</Filter>
    </ClCompile>
    <ClCompile Include="map_process.cpp">
      <Filter>Source Files</Filter>
    </ClCompile>
    <ClCompile Include="render_process.cpp">
      <Filter>Source Files</Filter>
    </ClCompile>
    <ClCompile Include="chunk_control.cpp">
      <Filter>Source Files</Filter>
    </ClCompile>
    <ClCompile Include="character_handle.cpp">
      <Filter>Source Files</Filter>
    </ClCompile>
    <ClCompile Include="entity.cpp">
      <Filter>Source Files</Filter>
    </ClCompile>
    <ClCompile Include="entity_control.cpp">
      <Filter>Source Files</Filter>
    </ClCompile>
    <ClCompile Include="arrow.cpp">
      <Filter>Source Files</Filter>
    </ClCompile>
    <ClCompile Include="TimeControl.cpp">
      <Filter>Source Files</Filter>
    </ClCompile>
    <ClCompile Include="GameControl.cpp">
      <Filter>Source Files</Filter>
    </ClCompile>
    <ClCompile Include="inGameMenu.cpp">
      <Filter>Source Files</Filter>
    </ClCompile>
    <ClCompile Include="mainMenu.cpp">
      <Filter>Source Files</Filter>
    </ClCompile>
    <ClCompile Include="leaderBoard.cpp">
      <Filter>Source Files</Filter>
    </ClCompile>
    <ClCompile Include="playerScore.cpp">
      <Filter>Source Files</Filter>
    </ClCompile>
  </ItemGroup>
  <ItemGroup>
    <Image Include="resources\grass_background.png">
      <Filter>Resource Files</Filter>
    </Image>
    <Image Include="resources\main_char_sprite_sheet.png">
      <Filter>Resource Files</Filter>
    </Image>
    <Image Include="resources\Tree_SpriteSheet.png">
      <Filter>Resource Files</Filter>
    </Image>
    <Image Include="resources\Tree_SpriteSheet_Outlined.png">
      <Filter>Resource Files</Filter>
    </Image>
    <Image Include="resources\mainChar_shadow.png">
      <Filter>Resource Files</Filter>
    </Image>
    <Image Include="resources\Tree.png">
      <Filter>Resource Files</Filter>
    </Image>
    <Image Include="resources\loading_screen.png">
      <Filter>Resource Files</Filter>
    </Image>
    <Image Include="resources\menuScreen.png">
      <Filter>Resource Files</Filter>
    </Image>
    <Image Include="resources\Rabbit.png">
      <Filter>Resource Files</Filter>
    </Image>
    <Image Include="resources\Box.png">
      <Filter>Resource Files</Filter>
    </Image>
    <Image Include="resources\submitting.png">
      <Filter>Resource Files</Filter>
    </Image>
  </ItemGroup>
  <ItemGroup>
    <ClInclude Include="global_header.h">
      <Filter>Header Files</Filter>
    </ClInclude>
    <ClInclude Include="object_type.h">
      <Filter>Header Files</Filter>
    </ClInclude>
    <ClInclude Include="func.h">
      <Filter>Header Files</Filter>
    </ClInclude>
    <ClInclude Include="main.h">
      <Filter>Header Files</Filter>
    </ClInclude>
    <ClInclude Include="main_window.h">
      <Filter>Header Files</Filter>
    </ClInclude>
    <ClInclude Include="background.h">
      <Filter>Header Files</Filter>
    </ClInclude>
    <ClInclude Include="Direction.h">
      <Filter>Header Files</Filter>
    </ClInclude>
    <ClInclude Include="json.hpp">
      <Filter>Header Files</Filter>
    </ClInclude>
    <ClInclude Include="loop.h">
      <Filter>Header Files</Filter>
    </ClInclude>
    <ClInclude Include="map_process.h">
      <Filter>Header Files</Filter>
    </ClInclude>
    <ClInclude Include="render_process.h">
      <Filter>Header Files</Filter>
    </ClInclude>
    <ClInclude Include="ObjectTypeEnum.h">
      <Filter>Header Files</Filter>
    </ClInclude>
    <ClInclude Include="chunk_control.h">
      <Filter>Header Files</Filter>
    </ClInclude>
    <ClInclude Include="character_handle.h">
      <Filter>Header Files</Filter>
    </ClInclude>
    <ClInclude Include="CharState.h">
      <Filter>Header Files</Filter>
    </ClInclude>
    <ClInclude Include="entity.h">
      <Filter>Header Files</Filter>
    </ClInclude>
    <ClInclude Include="entity_control.h">
      <Filter>Header Files</Filter>
    </ClInclude>
    <ClInclude Include="EntityState.h">
      <Filter>Header Files</Filter>
    </ClInclude>
    <ClInclude Include="arrow.h">
      <Filter>Header Files</Filter>
    </ClInclude>
    <ClInclude Include="TimeCounter.h">
      <Filter>Header Files</Filter>
    </ClInclude>
    <ClInclude Include="GameControl.h">
      <Filter>Header Files</Filter>
    </ClInclude>
    <ClInclude Include="inGameMenu.h">
      <Filter>Header Files</Filter>
    </ClInclude>
    <ClInclude Include="mainMenu.h">
      <Filter>Header Files</Filter>
    </ClInclude>
    <ClInclude Include="leaderBoard.h">
      <Filter>Header Files</Filter>
    </ClInclude>
    <ClInclude Include="playerScore.h">
      <Filter>Header Files</Filter>
    </ClInclude>
  </ItemGroup>
  <ItemGroup>
    <Text Include="prefix.txt">
      <Filter>Source Files</Filter>
    </Text>
  </ItemGroup>
  <ItemGroup>
    <None Include="mapData.json">
      <Filter>Resource Files</Filter>
    </None>
  </ItemGroup>
  <ItemGroup>
    <Font Include="resources\PublicPixel-E447g.ttf">
      <Filter>Resource Files</Filter>
    </Font>
    <Font Include="resources\PixelEmulator-xq08.ttf">
      <Filter>Resource Files</Filter>
    </Font>
    <Font Include="resources\Bandar.ttf">
      <Filter>Resource Files</Filter>
    </Font>
  </ItemGroup>
</Project>